
Microsoft Visual Studio Solution File, Format Version 12.00
# Visual Studio Version 16
VisualStudioVersion = 16.0.30225.117
MinimumVisualStudioVersion = 10.0.40219.1
Project("{FAE04EC0-301F-11D3-BF4B-00C04F79EFBC}") = "Update_Hauptverantwortliche", "Update_Hauptverantwortliche.csproj", "{3EDAC0EF-FBC9-4A77-9A7D-4779F334A0B2}"
EndProject
Global
	GlobalSection(SolutionConfigurationPlatforms) = preSolution
		Debug|Any CPU = Debug|Any CPU
		Release|Any CPU = Release|Any CPU
	EndGlobalSection
	GlobalSection(ProjectConfigurationPlatforms) = postSolution
		{3EDAC0EF-FBC9-4A77-9A7D-4779F334A0B2}.Debug|Any CPU.ActiveCfg = Debug|Any CPU
		{3EDAC0EF-FBC9-4A77-9A7D-4779F334A0B2}.Debug|Any CPU.Build.0 = Debug|Any CPU
		{3EDAC0EF-FBC9-4A77-9A7D-4779F334A0B2}.Release|Any CPU.ActiveCfg = Release|Any CPU
		{3EDAC0EF-FBC9-4A77-9A7D-4779F334A0B2}.Release|Any CPU.Build.0 = Release|Any CPU
	EndGlobalSection
	GlobalSection(SolutionProperties) = preSolution
		HideSolutionNode = FALSE
	EndGlobalSection
	GlobalSection(ExtensibilityGlobals) = postSolution
		SolutionGuid = {65E54D9C-D8EB-4278-BF55-186A6D386664}
	EndGlobalSection
EndGlobal
